
Microsoft Visual Studio Solution File, Format Version 12.00
# Visual Studio 2015
Project("{FAE04EC0-301F-11D3-BF4B-00C04F79EFBC}") = "tetris-break", "tetris-break.csproj", "{84658940-5ECA-0F29-78F0-F109F73D5C9C}"
EndProject
Project("{FAE04EC0-301F-11D3-BF4B-00C04F79EFBC}") = "tetris-breakTests", "..\tetris-breakTests\tetris-breakTests.csproj", "{8693BD20-4E41-4FD0-8AEA-F0AED6812892}"
EndProject
Global
	GlobalSection(SolutionConfigurationPlatforms) = preSolution
		Debug|Any CPU = Debug|Any CPU
		Release|Any CPU = Release|Any CPU
	EndGlobalSection
	GlobalSection(ProjectConfigurationPlatforms) = postSolution
		{84658940-5ECA-0F29-78F0-F109F73D5C9C}.Debug|Any CPU.ActiveCfg = Debug|Any CPU
		{84658940-5ECA-0F29-78F0-F109F73D5C9C}.Debug|Any CPU.Build.0 = Debug|Any CPU
		{84658940-5ECA-0F29-78F0-F109F73D5C9C}.Release|Any CPU.ActiveCfg = Release|Any CPU
		{84658940-5ECA-0F29-78F0-F109F73D5C9C}.Release|Any CPU.Build.0 = Release|Any CPU
		{8693BD20-4E41-4FD0-8AEA-F0AED6812892}.Debug|Any CPU.ActiveCfg = Debug|Any CPU
		{8693BD20-4E41-4FD0-8AEA-F0AED6812892}.Debug|Any CPU.Build.0 = Debug|Any CPU
		{8693BD20-4E41-4FD0-8AEA-F0AED6812892}.Release|Any CPU.ActiveCfg = Release|Any CPU
		{8693BD20-4E41-4FD0-8AEA-F0AED6812892}.Release|Any CPU.Build.0 = Release|Any CPU
	EndGlobalSection
	GlobalSection(SolutionProperties) = preSolution
		HideSolutionNode = FALSE
	EndGlobalSection
EndGlobal
